
Microsoft Visual Studio Solution File, Format Version 12.00
# Visual Studio Version 17
VisualStudioVersion = 17.5.33530.505
MinimumVisualStudioVersion = 10.0.40219.1
Project("{9A19103F-16F7-4668-BE54-9A1E7A4F7556}") = "EFCORE6.DatabaseFirst", "EFCORE6.DatabaseFirst\EFCORE6.DatabaseFirst.csproj", "{144F136F-BCE9-49A2-9D07-D4C7C6AF1D25}"
EndProject
Project("{9A19103F-16F7-4668-BE54-9A1E7A4F7556}") = "EFCORE6.DatabaseFirstByScaffold", "EFCORE6.DatabaseFirstByScaffold\EFCORE6.DatabaseFirstByScaffold.csproj", "{DAC55CC3-DCD3-4A8E-AF60-32D254DFC354}"
EndProject
Project("{9A19103F-16F7-4668-BE54-9A1E7A4F7556}") = "EFCORE6.CodeFirst", "EFCORE6.CodeFirst\EFCORE6.CodeFirst.csproj", "{F5F647C3-9B84-4828-8813-FA7BE44CD66B}"
EndProject
Project("{FAE04EC0-301F-11D3-BF4B-00C04F79EFBC}") = "EFCORE6.CodeFirst_Relationships", "EFCORE6.CodeFirst_Relationships\EFCORE6.CodeFirst_Relationships.csproj", "{5735FAF9-E26F-4927-8ABF-124AE4BF7AE0}"
EndProject
Global
	GlobalSection(SolutionConfigurationPlatforms) = preSolution
		Debug|Any CPU = Debug|Any CPU
		Release|Any CPU = Release|Any CPU
	EndGlobalSection
	GlobalSection(ProjectConfigurationPlatforms) = postSolution
		{144F136F-BCE9-49A2-9D07-D4C7C6AF1D25}.Debug|Any CPU.ActiveCfg = Debug|Any CPU
		{144F136F-BCE9-49A2-9D07-D4C7C6AF1D25}.Debug|Any CPU.Build.0 = Debug|Any CPU
		{144F136F-BCE9-49A2-9D07-D4C7C6AF1D25}.Release|Any CPU.ActiveCfg = Release|Any CPU
		{144F136F-BCE9-49A2-9D07-D4C7C6AF1D25}.Release|Any CPU.Build.0 = Release|Any CPU
		{DAC55CC3-DCD3-4A8E-AF60-32D254DFC354}.Debug|Any CPU.ActiveCfg = Debug|Any CPU
		{DAC55CC3-DCD3-4A8E-AF60-32D254DFC354}.Debug|Any CPU.Build.0 = Debug|Any CPU
		{DAC55CC3-DCD3-4A8E-AF60-32D254DFC354}.Release|Any CPU.ActiveCfg = Release|Any CPU
		{DAC55CC3-DCD3-4A8E-AF60-32D254DFC354}.Release|Any CPU.Build.0 = Release|Any CPU
		{F5F647C3-9B84-4828-8813-FA7BE44CD66B}.Debug|Any CPU.ActiveCfg = Debug|Any CPU
		{F5F647C3-9B84-4828-8813-FA7BE44CD66B}.Debug|Any CPU.Build.0 = Debug|Any CPU
		{F5F647C3-9B84-4828-8813-FA7BE44CD66B}.Release|Any CPU.ActiveCfg = Release|Any CPU
		{F5F647C3-9B84-4828-8813-FA7BE44CD66B}.Release|Any CPU.Build.0 = Release|Any CPU
		{5735FAF9-E26F-4927-8ABF-124AE4BF7AE0}.Debug|Any CPU.ActiveCfg = Debug|Any CPU
		{5735FAF9-E26F-4927-8ABF-124AE4BF7AE0}.Debug|Any CPU.Build.0 = Debug|Any CPU
		{5735FAF9-E26F-4927-8ABF-124AE4BF7AE0}.Release|Any CPU.ActiveCfg = Release|Any CPU
		{5735FAF9-E26F-4927-8ABF-124AE4BF7AE0}.Release|Any CPU.Build.0 = Release|Any CPU
	EndGlobalSection
	GlobalSection(SolutionProperties) = preSolution
		HideSolutionNode = FALSE
	EndGlobalSection
	GlobalSection(ExtensibilityGlobals) = postSolution
		SolutionGuid = {3C97CE08-307B-46DE-B06D-7E41B2927487}
	EndGlobalSection
EndGlobal
